
Microsoft Visual Studio Solution File, Format Version 12.00
# Visual Studio Version 17
VisualStudioVersion = 17.8.34309.116
MinimumVisualStudioVersion = 10.0.40219.1
Project("{FAE04EC0-301F-11D3-BF4B-00C04F79EFBC}") = "SQLClient_SqlServer", "SQLClient_SqlServer.csproj", "{C1938A96-DD5C-45BA-BE0B-396142228AE7}"
EndProject
Global
	GlobalSection(SolutionConfigurationPlatforms) = preSolution
		Debug|Any CPU = Debug|Any CPU
		Release|Any CPU = Release|Any CPU
	EndGlobalSection
	GlobalSection(ProjectConfigurationPlatforms) = postSolution
		{C1938A96-DD5C-45BA-BE0B-396142228AE7}.Debug|Any CPU.ActiveCfg = Debug|Any CPU
		{C1938A96-DD5C-45BA-BE0B-396142228AE7}.Debug|Any CPU.Build.0 = Debug|Any CPU
		{C1938A96-DD5C-45BA-BE0B-396142228AE7}.Release|Any CPU.ActiveCfg = Release|Any CPU
		{C1938A96-DD5C-45BA-BE0B-396142228AE7}.Release|Any CPU.Build.0 = Release|Any CPU
	EndGlobalSection
	GlobalSection(SolutionProperties) = preSolution
		HideSolutionNode = FALSE
	EndGlobalSection
	GlobalSection(ExtensibilityGlobals) = postSolution
		SolutionGuid = {FDC995E5-499C-40E3-A08E-38925A6C19ED}
	EndGlobalSection
EndGlobal
