
Microsoft Visual Studio Solution File, Format Version 12.00
# Visual Studio Version 17
VisualStudioVersion = 17.8.34309.116
MinimumVisualStudioVersion = 10.0.40219.1
Project("{FAE04EC0-301F-11D3-BF4B-00C04F79EFBC}") = "SQLDataAdapter", "SQLDataAdapter.csproj", "{EB3AE3BB-2D40-44D6-99F6-7A922996EECB}"
EndProject
Global
	GlobalSection(SolutionConfigurationPlatforms) = preSolution
		Debug|Any CPU = Debug|Any CPU
		Release|Any CPU = Release|Any CPU
	EndGlobalSection
	GlobalSection(ProjectConfigurationPlatforms) = postSolution
		{EB3AE3BB-2D40-44D6-99F6-7A922996EECB}.Debug|Any CPU.ActiveCfg = Debug|Any CPU
		{EB3AE3BB-2D40-44D6-99F6-7A922996EECB}.Debug|Any CPU.Build.0 = Debug|Any CPU
		{EB3AE3BB-2D40-44D6-99F6-7A922996EECB}.Release|Any CPU.ActiveCfg = Release|Any CPU
		{EB3AE3BB-2D40-44D6-99F6-7A922996EECB}.Release|Any CPU.Build.0 = Release|Any CPU
	EndGlobalSection
	GlobalSection(SolutionProperties) = preSolution
		HideSolutionNode = FALSE
	EndGlobalSection
	GlobalSection(ExtensibilityGlobals) = postSolution
		SolutionGuid = {7D909E73-8D9B-4494-B92F-A7E7CC081625}
	EndGlobalSection
EndGlobal
